
Microsoft Visual Studio Solution File, Format Version 12.00
# Visual Studio Version 16
VisualStudioVersion = 16.0.31025.194
MinimumVisualStudioVersion = 10.0.40219.1
Project("{FAE04EC0-301F-11D3-BF4B-00C04F79EFBC}") = "OOP", "OOP.csproj", "{1412A5CE-8450-4268-9471-C6D2F95699EB}"
EndProject
Project("{FAE04EC0-301F-11D3-BF4B-00C04F79EFBC}") = "OOP.Sdk", "OOP.Sdk\OOP.Sdk.csproj", "{6DC075EE-6719-4678-B75C-0CF2D13B2628}"
EndProject
Project("{FAE04EC0-301F-11D3-BF4B-00C04F79EFBC}") = "Submarine", "Submarine\Submarine.csproj", "{69195102-B36B-4991-8D18-691C93BDF15E}"
EndProject
Project("{FAE04EC0-301F-11D3-BF4B-00C04F79EFBC}") = "XMLToJSONTransformer", "XMLToJSONTransformer\XMLToJSONTransformer.csproj", "{FA3C5C00-7FB1-4BED-A382-91FBFA7992CC}"
EndProject
Project("{FAE04EC0-301F-11D3-BF4B-00C04F79EFBC}") = "ArchiverAdapter", "ArchiverAdapter\ArchiverAdapter.csproj", "{D319E758-5394-4C84-B42B-64F27C042481}"
EndProject
Global
	GlobalSection(SolutionConfigurationPlatforms) = preSolution
		Debug|Any CPU = Debug|Any CPU
		Release|Any CPU = Release|Any CPU
	EndGlobalSection
	GlobalSection(ProjectConfigurationPlatforms) = postSolution
		{1412A5CE-8450-4268-9471-C6D2F95699EB}.Debug|Any CPU.ActiveCfg = Debug|Any CPU
		{1412A5CE-8450-4268-9471-C6D2F95699EB}.Debug|Any CPU.Build.0 = Debug|Any CPU
		{1412A5CE-8450-4268-9471-C6D2F95699EB}.Release|Any CPU.ActiveCfg = Release|Any CPU
		{1412A5CE-8450-4268-9471-C6D2F95699EB}.Release|Any CPU.Build.0 = Release|Any CPU
		{6DC075EE-6719-4678-B75C-0CF2D13B2628}.Debug|Any CPU.ActiveCfg = Debug|Any CPU
		{6DC075EE-6719-4678-B75C-0CF2D13B2628}.Debug|Any CPU.Build.0 = Debug|Any CPU
		{6DC075EE-6719-4678-B75C-0CF2D13B2628}.Release|Any CPU.ActiveCfg = Release|Any CPU
		{6DC075EE-6719-4678-B75C-0CF2D13B2628}.Release|Any CPU.Build.0 = Release|Any CPU
		{69195102-B36B-4991-8D18-691C93BDF15E}.Debug|Any CPU.ActiveCfg = Debug|Any CPU
		{69195102-B36B-4991-8D18-691C93BDF15E}.Debug|Any CPU.Build.0 = Debug|Any CPU
		{69195102-B36B-4991-8D18-691C93BDF15E}.Release|Any CPU.ActiveCfg = Release|Any CPU
		{69195102-B36B-4991-8D18-691C93BDF15E}.Release|Any CPU.Build.0 = Release|Any CPU
		{FA3C5C00-7FB1-4BED-A382-91FBFA7992CC}.Debug|Any CPU.ActiveCfg = Debug|Any CPU
		{FA3C5C00-7FB1-4BED-A382-91FBFA7992CC}.Debug|Any CPU.Build.0 = Debug|Any CPU
		{FA3C5C00-7FB1-4BED-A382-91FBFA7992CC}.Release|Any CPU.ActiveCfg = Release|Any CPU
		{FA3C5C00-7FB1-4BED-A382-91FBFA7992CC}.Release|Any CPU.Build.0 = Release|Any CPU
		{D319E758-5394-4C84-B42B-64F27C042481}.Debug|Any CPU.ActiveCfg = Debug|Any CPU
		{D319E758-5394-4C84-B42B-64F27C042481}.Debug|Any CPU.Build.0 = Debug|Any CPU
		{D319E758-5394-4C84-B42B-64F27C042481}.Release|Any CPU.ActiveCfg = Release|Any CPU
		{D319E758-5394-4C84-B42B-64F27C042481}.Release|Any CPU.Build.0 = Release|Any CPU
	EndGlobalSection
	GlobalSection(SolutionProperties) = preSolution
		HideSolutionNode = FALSE
	EndGlobalSection
	GlobalSection(ExtensibilityGlobals) = postSolution
		SolutionGuid = {0C561D7B-4438-4CA0-A76C-FFD6F0F8A8D7}
	EndGlobalSection
EndGlobal
